// !$*UTF8*$!
{
	archiveVersion = 1;
	classes = {
	};
	objectVersion = 55;
	objects = {

/* Begin PBXBuildFile section */
		C45FB21D285464ED00290AC9 /* Fruits_SwiftUIApp.swift in Sources */ = {isa = PBXBuildFile; fileRef = C45FB21C285464ED00290AC9 /* Fruits_SwiftUIApp.swift */; };
		C45FB21F285464ED00290AC9 /* ContentView.swift in Sources */ = {isa = PBXBuildFile; fileRef = C45FB21E285464ED00290AC9 /* ContentView.swift */; };
		C45FB221285464EF00290AC9 /* Assets.xcassets in Resources */ = {isa = PBXBuildFile; fileRef = C45FB220285464EF00290AC9 /* Assets.xcassets */; };
		C45FB224285464EF00290AC9 /* Preview Assets.xcassets in Resources */ = {isa = PBXBuildFile; fileRef = C45FB223285464EF00290AC9 /* Preview Assets.xcassets */; };
		C4FE489828551EB30007B27F /* FruitRowView.swift in Sources */ = {isa = PBXBuildFile; fileRef = C4FE489728551EB30007B27F /* FruitRowView.swift */; };
		C4FE489A285521130007B27F /* FruitDetailView.swift in Sources */ = {isa = PBXBuildFile; fileRef = C4FE4899285521130007B27F /* FruitDetailView.swift */; };
		C4FE489C285523A20007B27F /* FruitHeaderView.swift in Sources */ = {isa = PBXBuildFile; fileRef = C4FE489B285523A20007B27F /* FruitHeaderView.swift */; };
		C4FE489E285525BD0007B27F /* SourceLinkView.swift in Sources */ = {isa = PBXBuildFile; fileRef = C4FE489D285525BD0007B27F /* SourceLinkView.swift */; };
		C4FE8B202854859200DE557C /* FruitCardView.swift in Sources */ = {isa = PBXBuildFile; fileRef = C4FE8B1F2854859200DE557C /* FruitCardView.swift */; };
		C4FE8B2228548E1600DE557C /* StartButtonView.swift in Sources */ = {isa = PBXBuildFile; fileRef = C4FE8B2128548E1600DE557C /* StartButtonView.swift */; };
		C4FE8B24285491C000DE557C /* OnboardingView.swift in Sources */ = {isa = PBXBuildFile; fileRef = C4FE8B23285491C000DE557C /* OnboardingView.swift */; };
		C4FE8B27285499D400DE557C /* FruitModel.swift in Sources */ = {isa = PBXBuildFile; fileRef = C4FE8B26285499D400DE557C /* FruitModel.swift */; };
		C4FE8B2A28549AAA00DE557C /* FruitData.swift in Sources */ = {isa = PBXBuildFile; fileRef = C4FE8B2928549AAA00DE557C /* FruitData.swift */; };
/* End PBXBuildFile section */

/* Begin PBXFileReference section */
		C45FB219285464ED00290AC9 /* Fruits-SwiftUI.app */ = {isa = PBXFileReference; explicitFileType = wrapper.application; includeInIndex = 0; path = "Fruits-SwiftUI.app"; sourceTree = BUILT_PRODUCTS_DIR; };
		C45FB21C285464ED00290AC9 /* Fruits_SwiftUIApp.swift */ = {isa = PBXFileReference; lastKnownFileType = sourcecode.swift; path = Fruits_SwiftUIApp.swift; sourceTree = "<group>"; };
		C45FB21E285464ED00290AC9 /* ContentView.swift */ = {isa = PBXFileReference; lastKnownFileType = sourcecode.swift; path = ContentView.swift; sourceTree = "<group>"; };
		C45FB220285464EF00290AC9 /* Assets.xcassets */ = {isa = PBXFileReference; lastKnownFileType = folder.assetcatalog; path = Assets.xcassets; sourceTree = "<group>"; };
		C45FB223285464EF00290AC9 /* Preview Assets.xcassets */ = {isa = PBXFileReference; lastKnownFileType = folder.assetcatalog; path = "Preview Assets.xcassets"; sourceTree = "<group>"; };
		C4FE489728551EB30007B27F /* FruitRowView.swift */ = {isa = PBXFileReference; lastKnownFileType = sourcecode.swift; path = FruitRowView.swift; sourceTree = "<group>"; };
		C4FE4899285521130007B27F /* FruitDetailView.swift */ = {isa = PBXFileReference; lastKnownFileType = sourcecode.swift; path = FruitDetailView.swift; sourceTree = "<group>"; };
		C4FE489B285523A20007B27F /* FruitHeaderView.swift */ = {isa = PBXFileReference; lastKnownFileType = sourcecode.swift; path = FruitHeaderView.swift; sourceTree = "<group>"; };
		C4FE489D285525BD0007B27F /* SourceLinkView.swift */ = {isa = PBXFileReference; lastKnownFileType = sourcecode.swift; path = SourceLinkView.swift; sourceTree = "<group>"; };
		C4FE8B1F2854859200DE557C /* FruitCardView.swift */ = {isa = PBXFileReference; lastKnownFileType = sourcecode.swift; path = FruitCardView.swift; sourceTree = "<group>"; };
		C4FE8B2128548E1600DE557C /* StartButtonView.swift */ = {isa = PBXFileReference; lastKnownFileType = sourcecode.swift; path = StartButtonView.swift; sourceTree = "<group>"; };
		C4FE8B23285491C000DE557C /* OnboardingView.swift */ = {isa = PBXFileReference; lastKnownFileType = sourcecode.swift; path = OnboardingView.swift; sourceTree = "<group>"; };
		C4FE8B26285499D400DE557C /* FruitModel.swift */ = {isa = PBXFileReference; lastKnownFileType = sourcecode.swift; path = FruitModel.swift; sourceTree = "<group>"; };
		C4FE8B2928549AAA00DE557C /* FruitData.swift */ = {isa = PBXFileReference; lastKnownFileType = sourcecode.swift; path = FruitData.swift; sourceTree = "<group>"; };
/* End PBXFileReference section */

/* Begin PBXFrameworksBuildPhase section */
		C45FB216285464ED00290AC9 /* Frameworks */ = {
			isa = PBXFrameworksBuildPhase;
			buildActionMask = 2147483647;
			files = (
			);
			runOnlyForDeploymentPostprocessing = 0;
		};
/* End PBXFrameworksBuildPhase section */

/* Begin PBXGroup section */
		C45FB210285464ED00290AC9 = {
			isa = PBXGroup;
			children = (
				C45FB21B285464ED00290AC9 /* Fruits-SwiftUI */,
				C45FB21A285464ED00290AC9 /* Products */,
			);
			sourceTree = "<group>";
		};
		C45FB21A285464ED00290AC9 /* Products */ = {
			isa = PBXGroup;
			children = (
				C45FB219285464ED00290AC9 /* Fruits-SwiftUI.app */,
			);
			name = Products;
			sourceTree = "<group>";
		};
		C45FB21B285464ED00290AC9 /* Fruits-SwiftUI */ = {
			isa = PBXGroup;
			children = (
				C4FE8B2828549A9E00DE557C /* Data */,
				C4FE8B25285499C600DE557C /* Model */,
				C4FE8B1E285484A500DE557C /* View */,
				C4FE8B1D285484A000DE557C /* App */,
				C45FB220285464EF00290AC9 /* Assets.xcassets */,
				C45FB222285464EF00290AC9 /* Preview Content */,
			);
			path = "Fruits-SwiftUI";
			sourceTree = "<group>";
		};
		C45FB222285464EF00290AC9 /* Preview Content */ = {
			isa = PBXGroup;
			children = (
				C45FB223285464EF00290AC9 /* Preview Assets.xcassets */,
			);
			path = "Preview Content";
			sourceTree = "<group>";
		};
		C4FE8B1D285484A000DE557C /* App */ = {
			isa = PBXGroup;
			children = (
				C45FB21C285464ED00290AC9 /* Fruits_SwiftUIApp.swift */,
				C45FB21E285464ED00290AC9 /* ContentView.swift */,
				C4FE8B23285491C000DE557C /* OnboardingView.swift */,
				C4FE4899285521130007B27F /* FruitDetailView.swift */,
			);
			path = App;
			sourceTree = "<group>";
		};
		C4FE8B1E285484A500DE557C /* View */ = {
			isa = PBXGroup;
			children = (
				C4FE8B1F2854859200DE557C /* FruitCardView.swift */,
				C4FE8B2128548E1600DE557C /* StartButtonView.swift */,
				C4FE489728551EB30007B27F /* FruitRowView.swift */,
				C4FE489B285523A20007B27F /* FruitHeaderView.swift */,
				C4FE489D285525BD0007B27F /* SourceLinkView.swift */,
			);
			path = View;
			sourceTree = "<group>";
		};
		C4FE8B25285499C600DE557C /* Model */ = {
			isa = PBXGroup;
			children = (
				C4FE8B26285499D400DE557C /* FruitModel.swift */,
			);
			path = Model;
			sourceTree = "<group>";
		};
		C4FE8B2828549A9E00DE557C /* Data */ = {
			isa = PBXGroup;
			children = (
				C4FE8B2928549AAA00DE557C /* FruitData.swift */,
			);
			path = Data;
			sourceTree = "<group>";
		};
/* End PBXGroup section */

/* Begin PBXNativeTarget section */
		C45FB218285464ED00290AC9 /* Fruits-SwiftUI */ = {
			isa = PBXNativeTarget;
			buildConfigurationList = C45FB227285464EF00290AC9 /* Build configuration list for PBXNativeTarget "Fruits-SwiftUI" */;
			buildPhases = (
				C45FB215285464ED00290AC9 /* Sources */,
				C45FB216285464ED00290AC9 /* Frameworks */,
				C45FB217285464ED00290AC9 /* Resources */,
			);
			buildRules = (
			);
			dependencies = (
			);
			name = "Fruits-SwiftUI";
			productName = "Fruits-SwiftUI";
			productReference = C45FB219285464ED00290AC9 /* Fruits-SwiftUI.app */;
			productType = "com.apple.product-type.application";
		};
/* End PBXNativeTarget section */

/* Begin PBXProject section */
		C45FB211285464ED00290AC9 /* Project object */ = {
			isa = PBXProject;
			attributes = {
				BuildIndependentTargetsInParallel = 1;
				LastSwiftUpdateCheck = 1340;
				LastUpgradeCheck = 1340;
				TargetAttributes = {
					C45FB218285464ED00290AC9 = {
						CreatedOnToolsVersion = 13.4.1;
					};
				};
			};
			buildConfigurationList = C45FB214285464ED00290AC9 /* Build configuration list for PBXProject "Fruits-SwiftUI" */;
			compatibilityVersion = "Xcode 13.0";
			developmentRegion = en;
			hasScannedForEncodings = 0;
			knownRegions = (
				en,
				Base,
			);
			mainGroup = C45FB210285464ED00290AC9;
			productRefGroup = C45FB21A285464ED00290AC9 /* Products */;
			projectDirPath = "";
			projectRoot = "";
			targets = (
				C45FB218285464ED00290AC9 /* Fruits-SwiftUI */,
			);
		};
/* End PBXProject section */

/* Begin PBXResourcesBuildPhase section */
		C45FB217285464ED00290AC9 /* Resources */ = {
			isa = PBXResourcesBuildPhase;
			buildActionMask = 2147483647;
			files = (
				C45FB224285464EF00290AC9 /* Preview Assets.xcassets in Resources */,
				C45FB221285464EF00290AC9 /* Assets.xcassets in Resources */,
			);
			runOnlyForDeploymentPostprocessing = 0;
		};
/* End PBXResourcesBuildPhase section */

/* Begin PBXSourcesBuildPhase section */
		C45FB215285464ED00290AC9 /* Sources */ = {
			isa = PBXSourcesBuildPhase;
			buildActionMask = 2147483647;
			files = (
				C4FE8B2A28549AAA00DE557C /* FruitData.swift in Sources */,
				C4FE489E285525BD0007B27F /* SourceLinkView.swift in Sources */,
				C4FE8B202854859200DE557C /* FruitCardView.swift in Sources */,
				C4FE489828551EB30007B27F /* FruitRowView.swift in Sources */,
				C4FE8B2228548E1600DE557C /* StartButtonView.swift in Sources */,
				C4FE489A285521130007B27F /* FruitDetailView.swift in Sources */,
				C45FB21F285464ED00290AC9 /* ContentView.swift in Sources */,
				C4FE489C285523A20007B27F /* FruitHeaderView.swift in Sources */,
				C4FE8B24285491C000DE557C /* OnboardingView.swift in Sources */,
				C4FE8B27285499D400DE557C /* FruitModel.swift in Sources */,
				C45FB21D285464ED00290AC9 /* Fruits_SwiftUIApp.swift in Sources */,
			);
			runOnlyForDeploymentPostprocessing = 0;
		};
/* End PBXSourcesBuildPhase section */

/* Begin XCBuildConfiguration section */
		C45FB225285464EF00290AC9 /* Debug */ = {
			isa = XCBuildConfiguration;
			buildSettings = {
				ALWAYS_SEARCH_USER_PATHS = NO;
				CLANG_ANALYZER_NONNULL = YES;
				CLANG_ANALYZER_NUMBER_OBJECT_CONVERSION = YES_AGGRESSIVE;
				CLANG_CXX_LANGUAGE_STANDARD = "gnu++17";
				CLANG_ENABLE_MODULES = YES;
				CLANG_ENABLE_OBJC_ARC = YES;
				CLANG_ENABLE_OBJC_WEAK = YES;
				CLANG_WARN_BLOCK_CAPTURE_AUTORELEASING = YES;
				CLANG_WARN_BOOL_CONVERSION = YES;
				CLANG_WARN_COMMA = YES;
				CLANG_WARN_CONSTANT_CONVERSION = YES;
				CLANG_WARN_DEPRECATED_OBJC_IMPLEMENTATIONS = YES;
				CLANG_WARN_DIRECT_OBJC_ISA_USAGE = YES_ERROR;
				CLANG_WARN_DOCUMENTATION_COMMENTS = YES;
				CLANG_WARN_EMPTY_BODY = YES;
				CLANG_WARN_ENUM_CONVERSION = YES;
				CLANG_WARN_INFINITE_RECURSION = YES;
				CLANG_WARN_INT_CONVERSION = YES;
				CLANG_WARN_NON_LITERAL_NULL_CONVERSION = YES;
				CLANG_WARN_OBJC_IMPLICIT_RETAIN_SELF = YES;
				CLANG_WARN_OBJC_LITERAL_CONVERSION = YES;
				CLANG_WARN_OBJC_ROOT_CLASS = YES_ERROR;
				CLANG_WARN_QUOTED_INCLUDE_IN_FRAMEWORK_HEADER = YES;
				CLANG_WARN_RANGE_LOOP_ANALYSIS = YES;
				CLANG_WARN_STRICT_PROTOTYPES = YES;
				CLANG_WARN_SUSPICIOUS_MOVE = YES;
				CLANG_WARN_UNGUARDED_AVAILABILITY = YES_AGGRESSIVE;
				CLANG_WARN_UNREACHABLE_CODE = YES;
				CLANG_WARN__DUPLICATE_METHOD_MATCH = YES;
				COPY_PHASE_STRIP = NO;
				DEBUG_INFORMATION_FORMAT = dwarf;
				ENABLE_STRICT_OBJC_MSGSEND = YES;
				ENABLE_TESTABILITY = YES;
				GCC_C_LANGUAGE_STANDARD = gnu11;
				GCC_DYNAMIC_NO_PIC = NO;
				GCC_NO_COMMON_BLOCKS = YES;
				GCC_OPTIMIZATION_LEVEL = 0;
				GCC_PREPROCESSOR_DEFINITIONS = (
					"DEBUG=1",
					"$(inherited)",
				);
				GCC_WARN_64_TO_32_BIT_CONVERSION = YES;
				GCC_WARN_ABOUT_RETURN_TYPE = YES_ERROR;
				GCC_WARN_UNDECLARED_SELECTOR = YES;
				GCC_WARN_UNINITIALIZED_AUTOS = YES_AGGRESSIVE;
				GCC_WARN_UNUSED_FUNCTION = YES;
				GCC_WARN_UNUSED_VARIABLE = YES;
				IPHONEOS_DEPLOYMENT_TARGET = 15.5;
				MTL_ENABLE_DEBUG_INFO = INCLUDE_SOURCE;
				MTL_FAST_MATH = YES;
				ONLY_ACTIVE_ARCH = YES;
				SDKROOT = iphoneos;
				SWIFT_ACTIVE_COMPILATION_CONDITIONS = DEBUG;
				SWIFT_OPTIMIZATION_LEVEL = "-Onone";
			};
			name = Debug;
		};
		C45FB226285464EF00290AC9 /* Release */ = {
			isa = XCBuildConfiguration;
			buildSettings = {
				ALWAYS_SEARCH_USER_PATHS = NO;
				CLANG_ANALYZER_NONNULL = YES;
				CLANG_ANALYZER_NUMBER_OBJECT_CONVERSION = YES_AGGRESSIVE;
				CLANG_CXX_LANGUAGE_STANDARD = "gnu++17";
				CLANG_ENABLE_MODULES = YES;
				CLANG_ENABLE_OBJC_ARC = YES;
				CLANG_ENABLE_OBJC_WEAK = YES;
				CLANG_WARN_BLOCK_CAPTURE_AUTORELEASING = YES;
				CLANG_WARN_BOOL_CONVERSION = YES;
				CLANG_WARN_COMMA = YES;
				CLANG_WARN_CONSTANT_CONVERSION = YES;
				CLANG_WARN_DEPRECATED_OBJC_IMPLEMENTATIONS = YES;
				CLANG_WARN_DIRECT_OBJC_ISA_USAGE = YES_ERROR;
				CLANG_WARN_DOCUMENTATION_COMMENTS = YES;
				CLANG_WARN_EMPTY_BODY = YES;
				CLANG_WARN_ENUM_CONVERSION = YES;
				CLANG_WARN_INFINITE_RECURSION = YES;
				CLANG_WARN_INT_CONVERSION = YES;
				CLANG_WARN_NON_LITERAL_NULL_CONVERSION = YES;
				CLANG_WARN_OBJC_IMPLICIT_RETAIN_SELF = YES;
				CLANG_WARN_OBJC_LITERAL_CONVERSION = YES;
				CLANG_WARN_OBJC_ROOT_CLASS = YES_ERROR;
				CLANG_WARN_QUOTED_INCLUDE_IN_FRAMEWORK_HEADER = YES;
				CLANG_WARN_RANGE_LOOP_ANALYSIS = YES;
				CLANG_WARN_STRICT_PROTOTYPES = YES;
				CLANG_WARN_SUSPICIOUS_MOVE = YES;
				CLANG_WARN_UNGUARDED_AVAILABILITY = YES_AGGRESSIVE;
				CLANG_WARN_UNREACHABLE_CODE = YES;
				CLANG_WARN__DUPLICATE_METHOD_MATCH = YES;
				COPY_PHASE_STRIP = NO;
				DEBUG_INFORMATION_FORMAT = "dwarf-with-dsym";
				ENABLE_NS_ASSERTIONS = NO;
				ENABLE_STRICT_OBJC_MSGSEND = YES;
				GCC_C_LANGUAGE_STANDARD = gnu11;
				GCC_NO_COMMON_BLOCKS = YES;
				GCC_WARN_64_TO_32_BIT_CONVERSION = YES;
				GCC_WARN_ABOUT_RETURN_TYPE = YES_ERROR;
				GCC_WARN_UNDECLARED_SELECTOR = YES;
				GCC_WARN_UNINITIALIZED_AUTOS = YES_AGGRESSIVE;
				GCC_WARN_UNUSED_FUNCTION = YES;
				GCC_WARN_UNUSED_VARIABLE = YES;
				IPHONEOS_DEPLOYMENT_TARGET = 15.5;
				MTL_ENABLE_DEBUG_INFO = NO;
				MTL_FAST_MATH = YES;
				SDKROOT = iphoneos;
				SWIFT_COMPILATION_MODE = wholemodule;
				SWIFT_OPTIMIZATION_LEVEL = "-O";
				VALIDATE_PRODUCT = YES;
			};
			name = Release;
		};
		C45FB228285464EF00290AC9 /* Debug */ = {
			isa = XCBuildConfiguration;
			buildSettings = {
				ASSETCATALOG_COMPILER_APPICON_NAME = AppIcon;
				ASSETCATALOG_COMPILER_GLOBAL_ACCENT_COLOR_NAME = AccentColor;
				CODE_SIGN_STYLE = Automatic;
				CURRENT_PROJECT_VERSION = 1;
				DEVELOPMENT_ASSET_PATHS = "\"Fruits-SwiftUI/Preview Content\"";
				DEVELOPMENT_TEAM = 5XZHHC4623;
				ENABLE_PREVIEWS = YES;
				GENERATE_INFOPLIST_FILE = YES;
				INFOPLIST_KEY_UIApplicationSceneManifest_Generation = YES;
				INFOPLIST_KEY_UIApplicationSupportsIndirectInputEvents = YES;
				INFOPLIST_KEY_UILaunchScreen_Generation = YES;
				INFOPLIST_KEY_UISupportedInterfaceOrientations = UIInterfaceOrientationPortrait;
				INFOPLIST_KEY_UISupportedInterfaceOrientations_iPad = "UIInterfaceOrientationPortrait UIInterfaceOrientationPortraitUpsideDown UIInterfaceOrientationLandscapeLeft UIInterfaceOrientationLandscapeRight";
				INFOPLIST_KEY_UISupportedInterfaceOrientations_iPhone = UIInterfaceOrientationPortrait;
				LD_RUNPATH_SEARCH_PATHS = (
					"$(inherited)",
					"@executable_path/Frameworks",
				);
				MARKETING_VERSION = 1.0;
				PRODUCT_BUNDLE_IDENTIFIER = "com.hakkicansengonul.Fruits-SwiftUI";
				PRODUCT_NAME = "$(TARGET_NAME)";
				SWIFT_EMIT_LOC_STRINGS = YES;
				SWIFT_VERSION = 5.0;
				TARGETED_DEVICE_FAMILY = 1;
			};
			name = Debug;
		};
		C45FB229285464EF00290AC9 /* Release */ = {
			isa = XCBuildConfiguration;
			buildSettings = {
				ASSETCATALOG_COMPILER_APPICON_NAME = AppIcon;
				ASSETCATALOG_COMPILER_GLOBAL_ACCENT_COLOR_NAME = AccentColor;
				CODE_SIGN_STYLE = Automatic;
				CURRENT_PROJECT_VERSION = 1;
				DEVELOPMENT_ASSET_PATHS = "\"Fruits-SwiftUI/Preview Content\"";
				DEVELOPMENT_TEAM = 5XZHHC4623;
				ENABLE_PREVIEWS = YES;
				GENERATE_INFOPLIST_FILE = YES;
				INFOPLIST_KEY_UIApplicationSceneManifest_Generation = YES;
				INFOPLIST_KEY_UIApplicationSupportsIndirectInputEvents = YES;
				INFOPLIST_KEY_UILaunchScreen_Generation = YES;
				INFOPLIST_KEY_UISupportedInterfaceOrientations = UIInterfaceOrientationPortrait;
				INFOPLIST_KEY_UISupportedInterfaceOrientations_iPad = "UIInterfaceOrientationPortrait UIInterfaceOrientationPortraitUpsideDown UIInterfaceOrientationLandscapeLeft UIInterfaceOrientationLandscapeRight";
				INFOPLIST_KEY_UISupportedInterfaceOrientations_iPhone = UIInterfaceOrientationPortrait;
				LD_RUNPATH_SEARCH_PATHS = (
					"$(inherited)",
					"@executable_path/Frameworks",
				);
				MARKETING_VERSION = 1.0;
				PRODUCT_BUNDLE_IDENTIFIER = "com.hakkicansengonul.Fruits-SwiftUI";
				PRODUCT_NAME = "$(TARGET_NAME)";
				SWIFT_EMIT_LOC_STRINGS = YES;
				SWIFT_VERSION = 5.0;
				TARGETED_DEVICE_FAMILY = 1;
			};
			name = Release;
		};
/* End XCBuildConfiguration section */

/* Begin XCConfigurationList section */
		C45FB214285464ED00290AC9 /* Build configuration list for PBXProject "Fruits-SwiftUI" */ = {
			isa = XCConfigurationList;
			buildConfigurations = (
				C45FB225285464EF00290AC9 /* Debug */,
				C45FB226285464EF00290AC9 /* Release */,
			);
			defaultConfigurationIsVisible = 0;
			defaultConfigurationName = Release;
		};
		C45FB227285464EF00290AC9 /* Build configuration list for PBXNativeTarget "Fruits-SwiftUI" */ = {
			isa = XCConfigurationList;
			buildConfigurations = (
				C45FB228285464EF00290AC9 /* Debug */,
				C45FB229285464EF00290AC9 /* Release */,
			);
			defaultConfigurationIsVisible = 0;
			defaultConfigurationName = Release;
		};
/* End XCConfigurationList section */
	};
	rootObject = C45FB211285464ED00290AC9 /* Project object */;
}
